version = 1
revision = 3
requires-python = ">=3.12"

[[package]]
name = "confluent-kafka"
version = "2.12.2"
source = { registry = "https://pypi.org/simple" }
sdist = { url = "https://files.pythonhosted.org/packages/c2/cd/18ffb1d2a7e189fee50b4a9597255e1078580d679daf913c25d0d13c3f88/confluent_kafka-2.12.2.tar.gz", hash = "sha256:5a50bfcd24f9dcf34b986f837f80126a71087364d44fcb8b45e8e74080fb6e98", size = 250423, upload-time = "2025-11-07T15:42:32.392Z" }
wheels = [
    { url = "https://files.pythonhosted.org/packages/9e/89/f5b31c882927b64f548ca9ceca6a4d60f29f60086fd229838df6900c7fb1/confluent_kafka-2.12.2-cp312-cp312-macosx_10_9_x86_64.whl", hash = "sha256:2b978c407de4f63cf06e659afaae4c14919e665c80e3a65ff3479bb4d42c1ef4", size = 3598735, upload-time = "2025-11-07T15:41:43.326Z" },
    { url = "https://files.pythonhosted.org/packages/51/9c/51c278db2e37c950c325ee362ed78006ca6e007d38c39f3c35c20e80bcf3/confluent_kafka-2.12.2-cp312-cp312-macosx_11_0_arm64.whl", hash = "sha256:bd9ebfd7b47105d1f3981944d47307c10c9fd1fd0b2044904ccdc7c2b8adb75a", size = 3158090, upload-time = "2025-11-07T15:41:44.942Z" },
    { url = "https://files.pythonhosted.org/packages/63/ab/3d9ff1d6efdd5cc577f92dc24debfebf08dcce46d2fa0dd7cd7094a9cfc8/confluent_kafka-2.12.2-cp312-cp312-manylinux_2_28_aarch64.whl", hash = "sha256:d35f5c5b84f6803eb7e974802577aa3a317bd9e44a438c7bd4074b56098467f2", size = 3695809, upload-time = "2025-11-07T15:41:46.552Z" },
    { url = "https://files.pythonhosted.org/packages/aa/cc/41b8f1bf6bd1ae978baf0928f79913493fbb036a53174d5658212c58cca5/confluent_kafka-2.12.2-cp312-cp312-manylinux_2_28_x86_64.whl", hash = "sha256:f189203de0200b986e2243215e052e787d8a426d92df815c440b76150da5b194", size = 3947426, upload-time = "2025-11-07T15:41:48.452Z" },
    { url = "https://files.pythonhosted.org/packages/5d/eb/8e0b6d6f26eff89549ee6d8729ff011ee040659907a48af9e1c7bfbf0324/confluent_kafka-2.12.2-cp312-cp312-win_amd64.whl", hash = "sha256:90bff1e56f1c382583dafb316bb5171e10659d3eaffcb477f28fa13a6f36fe04", size = 4068381, upload-time = "2025-11-07T15:41:50.054Z" },
    { url = "https://files.pythonhosted.org/packages/e1/28/b209303f607288c10fcfa5521bbaa56a6e298c088d5ac658b811ff77555d/confluent_kafka-2.12.2-cp313-cp313-macosx_13_0_arm64.whl", hash = "sha256:e888667c607741af5e4b36014d215c4ad2f214646e3da777505e4cf383ac5375", size = 3163179, upload-time = "2025-11-07T15:41:51.611Z" },
    { url = "https://files.pythonhosted.org/packages/7e/4c/fee4d5c0f5e907bfbb48d3da329b66ede8c7aa0a3af42a269cee5c3e44d9/confluent_kafka-2.12.2-cp313-cp313-macosx_13_0_x86_64.whl", hash = "sha256:adc98ecfbb2a41a234c72043c0ca46c941d5da61900d998f14f29a30baa2e688", size = 3602455, upload-time = "2025-11-07T15:41:53.216Z" },
    { url = "https://files.pythonhosted.org/packages/8c/c6/fe09a0683ef0bcf2c3b8df3b6827f1b4a95288c02bac1d93a154cddfb21c/confluent_kafka-2.12.2-cp313-cp313-manylinux_2_28_aarch64.whl", hash = "sha256:d0abde08fc133cfe6667226472518c6afbb80e083090c441c4ae4cddcd8ed921", size = 3696185, upload-time = "2025-11-07T15:41:54.633Z" },
    { url = "https://files.pythonhosted.org/packages/77/ed/23ae84c4ef04a38de36033a760b352fbbd51edee9e81d5c9f7c9eba18f09/confluent_kafka-2.12.2-cp313-cp313-manylinux_2_28_x86_64.whl", hash = "sha256:b3065064a86b4494c8c94eff9968845461918a2bc89e5a800a2920f722ed2cb1", size = 3947823, upload-time = "2025-11-07T15:41:56.343Z" },
    { url = "https://files.pythonhosted.org/packages/96/45/755cfc775d9f42ebd50507ab18ec2459ea06e0fc24be4f0829616c10539a/confluent_kafka-2.12.2-cp313-cp313-win_amd64.whl", hash = "sha256:26b2291694a300b7ff00b46eda835a06b124b4878527d32277d42ca39ee95dd9", size = 4128056, upload-time = "2025-11-07T15:41:57.787Z" },
    { url = "https://files.pythonhosted.org/packages/50/76/5b093946777976ee7acf46cac73b9f5a648ad81c0b8b2d64684f0ac84962/confluent_kafka-2.12.2-cp314-cp314-macosx_13_0_arm64.whl", hash = "sha256:0101be4b6037ad5a49f71c749bfd9f24e82607774f5fb4424c4dee6bf39a302d", size = 3162999, upload-time = "2025-11-07T15:41:59.645Z" },
    { url = "https://files.pythonhosted.org/packages/08/c4/67566514acb7ccdf77dd07633c9e47c52f9c087c1676faa6661147c70acc/confluent_kafka-2.12.2-cp314-cp314-macosx_13_0_x86_64.whl", hash = "sha256:27cc33a0c47f167db81b4f46d9e1c59582d9bfd8b3c21129a2ee400f5c93844e", size = 3602261, upload-time = "2025-11-07T15:42:01.571Z" },
    { url = "https://files.pythonhosted.org/packages/2d/3c/036b78024d93f293f1f09efe093ecc63a8c33d1f202e7126c56bbd3adb79/confluent_kafka-2.12.2-cp314-cp314-manylinux_2_28_aarch64.whl", hash = "sha256:38d23cf3f428451fc14c18aa53f5f3f1a37c7d89c44bfaf2862b3d6a5068e45c", size = 3696018, upload-time = "2025-11-07T15:42:03.147Z" },
    { url = "https://files.pythonhosted.org/packages/e5/f0/2fa9456bdad9585360df5dc3089a70cc03988c9542667a1db123e618929f/confluent_kafka-2.12.2-cp314-cp314-manylinux_2_28_x86_64.whl", hash = "sha256:eed1b0e540204c52d0ab40d621c371f52044a788b542f6e28a7756fd8f7a1029", size = 3947575, upload-time = "2025-11-07T15:42:04.727Z" },
    { url = "https://files.pythonhosted.org/packages/9a/22/ceb0ded4518f58805eff102d6c712809ae61dc0d6cfebcd4dba9246575ff/confluent_kafka-2.12.2-cp314-cp314-win_amd64.whl", hash = "sha256:ef411221bfdaffae944156826965b9a08777a5dff66d765a23108f7d6774706f", size = 4245477, upload-time = "2025-11-07T15:42:06.43Z" },
    { url = "https://files.pythonhosted.org/packages/2b/d4/fa67b636df3550269e0720416ff9275783c3c5ddb83e7b366518a68501fd/confluent_kafka-2.12.2-cp314-cp314t-macosx_13_0_arm64.whl", hash = "sha256:d04f69f6c269ccf6ec1a2ec327edf977a06e790f631ede18511093c1fe598fef", size = 3161636, upload-time = "2025-11-07T15:42:07.938Z" },
    { url = "https://files.pythonhosted.org/packages/9b/25/ce8a5d5fbcda376cb55763a399cfec345a50d6e8bde12e135a05f3b6bc37/confluent_kafka-2.12.2-cp314-cp314t-macosx_13_0_x86_64.whl", hash = "sha256:01a0429cac8fe38db49ebb9bda335b0c77f14455da72ccf351d49a51c1bd00a5", size = 3600121, upload-time = "2025-11-07T15:42:09.407Z" },
    { url = "https://files.pythonhosted.org/packages/2a/91/87f15f79b1b2ca2debf4095e886b6f2d6d9071b30c2ef9d5d6414761d9bb/confluent_kafka-2.12.2-cp314-cp314t-manylinux_2_28_aarch64.whl", hash = "sha256:82ec5302cf7c9ea06d556ed8e8ea8422d2a60035b607d64579ca63663276fe9b", size = 3694893, upload-time = "2025-11-07T15:42:11.051Z" },
    { url = "https://files.pythonhosted.org/packages/c6/20/e5d739aa776f4e92ab7a2c58a5250881352f8f0e0270aad0309c48ce33bb/confluent_kafka-2.12.2-cp314-cp314t-manylinux_2_28_x86_64.whl", hash = "sha256:de9dece5803e6b58d8c101cbceb90fa55ca96e0a5f40f10483a4c8f5f4027a69", size = 3946237, upload-time = "2025-11-07T15:42:14.147Z" },
]

[[package]]
name = "kafklient"
version = "0.2.4"
source = { editable = "." }
dependencies = [
    { name = "confluent-kafka" },
    { name = "types-confluent-kafka" },
]

[package.optional-dependencies]
dev = [
    { name = "pyright" },
    { name = "ruff" },
]

[package.metadata]
requires-dist = [
    { name = "confluent-kafka", specifier = ">=2.6.0" },
    { name = "pyright", marker = "extra == 'dev'", specifier = ">=1.1.407" },
    { name = "ruff", marker = "extra == 'dev'", specifier = ">=0.14.7" },
    { name = "types-confluent-kafka", specifier = ">=1.4.0" },
]
provides-extras = ["dev"]

[[package]]
name = "nodeenv"
version = "1.9.1"
source = { registry = "https://pypi.org/simple" }
sdist = { url = "https://files.pythonhosted.org/packages/43/16/fc88b08840de0e0a72a2f9d8c6bae36be573e475a6326ae854bcc549fc45/nodeenv-1.9.1.tar.gz", hash = "sha256:6ec12890a2dab7946721edbfbcd91f3319c6ccc9aec47be7c7e6b7011ee6645f", size = 47437, upload-time = "2024-06-04T18:44:11.171Z" }
wheels = [
    { url = "https://files.pythonhosted.org/packages/d2/1d/1b658dbd2b9fa9c4c9f32accbfc0205d532c8c6194dc0f2a4c0428e7128a/nodeenv-1.9.1-py2.py3-none-any.whl", hash = "sha256:ba11c9782d29c27c70ffbdda2d7415098754709be8a7056d79a737cd901155c9", size = 22314, upload-time = "2024-06-04T18:44:08.352Z" },
]

[[package]]
name = "pyright"
version = "1.1.407"
source = { registry = "https://pypi.org/simple" }
dependencies = [
    { name = "nodeenv" },
    { name = "typing-extensions" },
]
sdist = { url = "https://files.pythonhosted.org/packages/a6/1b/0aa08ee42948b61745ac5b5b5ccaec4669e8884b53d31c8ec20b2fcd6b6f/pyright-1.1.407.tar.gz", hash = "sha256:099674dba5c10489832d4a4b2d302636152a9a42d317986c38474c76fe562262", size = 4122872, upload-time = "2025-10-24T23:17:15.145Z" }
wheels = [
    { url = "https://files.pythonhosted.org/packages/dc/93/b69052907d032b00c40cb656d21438ec00b3a471733de137a3f65a49a0a0/pyright-1.1.407-py3-none-any.whl", hash = "sha256:6dd419f54fcc13f03b52285796d65e639786373f433e243f8b94cf93a7444d21", size = 5997008, upload-time = "2025-10-24T23:17:13.159Z" },
]

[[package]]
name = "ruff"
version = "0.14.7"
source = { registry = "https://pypi.org/simple" }
sdist = { url = "https://files.pythonhosted.org/packages/b7/5b/dd7406afa6c95e3d8fa9d652b6d6dd17dd4a6bf63cb477014e8ccd3dcd46/ruff-0.14.7.tar.gz", hash = "sha256:3417deb75d23bd14a722b57b0a1435561db65f0ad97435b4cf9f85ffcef34ae5", size = 5727324, upload-time = "2025-11-28T20:55:10.525Z" }
wheels = [
    { url = "https://files.pythonhosted.org/packages/8c/b1/7ea5647aaf90106f6d102230e5df874613da43d1089864da1553b899ba5e/ruff-0.14.7-py3-none-linux_armv6l.whl", hash = "sha256:b9d5cb5a176c7236892ad7224bc1e63902e4842c460a0b5210701b13e3de4fca", size = 13414475, upload-time = "2025-11-28T20:54:54.569Z" },
    { url = "https://files.pythonhosted.org/packages/af/19/fddb4cd532299db9cdaf0efdc20f5c573ce9952a11cb532d3b859d6d9871/ruff-0.14.7-py3-none-macosx_10_12_x86_64.whl", hash = "sha256:3f64fe375aefaf36ca7d7250292141e39b4cea8250427482ae779a2aa5d90015", size = 13634613, upload-time = "2025-11-28T20:55:17.54Z" },
    { url = "https://files.pythonhosted.org/packages/40/2b/469a66e821d4f3de0440676ed3e04b8e2a1dc7575cf6fa3ba6d55e3c8557/ruff-0.14.7-py3-none-macosx_11_0_arm64.whl", hash = "sha256:93e83bd3a9e1a3bda64cb771c0d47cda0e0d148165013ae2d3554d718632d554", size = 12765458, upload-time = "2025-11-28T20:55:26.128Z" },
    { url = "https://files.pythonhosted.org/packages/f1/05/0b001f734fe550bcfde4ce845948ac620ff908ab7241a39a1b39bb3c5f49/ruff-0.14.7-py3-none-manylinux_2_17_aarch64.manylinux2014_aarch64.whl", hash = "sha256:3838948e3facc59a6070795de2ae16e5786861850f78d5914a03f12659e88f94", size = 13236412, upload-time = "2025-11-28T20:55:28.602Z" },
    { url = "https://files.pythonhosted.org/packages/11/36/8ed15d243f011b4e5da75cd56d6131c6766f55334d14ba31cce5461f28aa/ruff-0.14.7-py3-none-manylinux_2_17_armv7l.manylinux2014_armv7l.whl", hash = "sha256:24c8487194d38b6d71cd0fd17a5b6715cda29f59baca1defe1e3a03240f851d1", size = 13182949, upload-time = "2025-11-28T20:55:33.265Z" },
    { url = "https://files.pythonhosted.org/packages/3b/cf/fcb0b5a195455729834f2a6eadfe2e4519d8ca08c74f6d2b564a4f18f553/ruff-0.14.7-py3-none-manylinux_2_17_i686.manylinux2014_i686.whl", hash = "sha256:79c73db6833f058a4be8ffe4a0913b6d4ad41f6324745179bd2aa09275b01d0b", size = 13816470, upload-time = "2025-11-28T20:55:08.203Z" },
    { url = "https://files.pythonhosted.org/packages/7f/5d/34a4748577ff7a5ed2f2471456740f02e86d1568a18c9faccfc73bd9ca3f/ruff-0.14.7-py3-none-manylinux_2_17_ppc64.manylinux2014_ppc64.whl", hash = "sha256:12eb7014fccff10fc62d15c79d8a6be4d0c2d60fe3f8e4d169a0d2def75f5dad", size = 15289621, upload-time = "2025-11-28T20:55:30.837Z" },
    { url = "https://files.pythonhosted.org/packages/53/53/0a9385f047a858ba133d96f3f8e3c9c66a31cc7c4b445368ef88ebeac209/ruff-0.14.7-py3-none-manylinux_2_17_ppc64le.manylinux2014_ppc64le.whl", hash = "sha256:6c623bbdc902de7ff715a93fa3bb377a4e42dd696937bf95669118773dbf0c50", size = 14975817, upload-time = "2025-11-28T20:55:24.107Z" },
    { url = "https://files.pythonhosted.org/packages/a8/d7/2f1c32af54c3b46e7fadbf8006d8b9bcfbea535c316b0bd8813d6fb25e5d/ruff-0.14.7-py3-none-manylinux_2_17_s390x.manylinux2014_s390x.whl", hash = "sha256:f53accc02ed2d200fa621593cdb3c1ae06aa9b2c3cae70bc96f72f0000ae97a9", size = 14284549, upload-time = "2025-11-28T20:55:06.08Z" },
    { url = "https://files.pythonhosted.org/packages/92/05/434ddd86becd64629c25fb6b4ce7637dd52a45cc4a4415a3008fe61c27b9/ruff-0.14.7-py3-none-manylinux_2_17_x86_64.manylinux2014_x86_64.whl", hash = "sha256:281f0e61a23fcdcffca210591f0f53aafaa15f9025b5b3f9706879aaa8683bc4", size = 14071389, upload-time = "2025-11-28T20:55:35.617Z" },
    { url = "https://files.pythonhosted.org/packages/ff/50/fdf89d4d80f7f9d4f420d26089a79b3bb1538fe44586b148451bc2ba8d9c/ruff-0.14.7-py3-none-manylinux_2_31_riscv64.whl", hash = "sha256:dbbaa5e14148965b91cb090236931182ee522a5fac9bc5575bafc5c07b9f9682", size = 14202679, upload-time = "2025-11-28T20:55:01.472Z" },
    { url = "https://files.pythonhosted.org/packages/77/54/87b34988984555425ce967f08a36df0ebd339bb5d9d0e92a47e41151eafc/ruff-0.14.7-py3-none-musllinux_1_2_aarch64.whl", hash = "sha256:1464b6e54880c0fe2f2d6eaefb6db15373331414eddf89d6b903767ae2458143", size = 13147677, upload-time = "2025-11-28T20:55:19.933Z" },
    { url = "https://files.pythonhosted.org/packages/67/29/f55e4d44edfe053918a16a3299e758e1c18eef216b7a7092550d7a9ec51c/ruff-0.14.7-py3-none-musllinux_1_2_armv7l.whl", hash = "sha256:f217ed871e4621ea6128460df57b19ce0580606c23aeab50f5de425d05226784", size = 13151392, upload-time = "2025-11-28T20:55:21.967Z" },
    { url = "https://files.pythonhosted.org/packages/36/69/47aae6dbd4f1d9b4f7085f4d9dcc84e04561ee7ad067bf52e0f9b02e3209/ruff-0.14.7-py3-none-musllinux_1_2_i686.whl", hash = "sha256:6be02e849440ed3602d2eb478ff7ff07d53e3758f7948a2a598829660988619e", size = 13412230, upload-time = "2025-11-28T20:55:12.749Z" },
    { url = "https://files.pythonhosted.org/packages/b7/4b/6e96cb6ba297f2ba502a231cd732ed7c3de98b1a896671b932a5eefa3804/ruff-0.14.7-py3-none-musllinux_1_2_x86_64.whl", hash = "sha256:19a0f116ee5e2b468dfe80c41c84e2bbd6b74f7b719bee86c2ecde0a34563bcc", size = 14195397, upload-time = "2025-11-28T20:54:56.896Z" },
    { url = "https://files.pythonhosted.org/packages/69/82/251d5f1aa4dcad30aed491b4657cecd9fb4274214da6960ffec144c260f7/ruff-0.14.7-py3-none-win32.whl", hash = "sha256:e33052c9199b347c8937937163b9b149ef6ab2e4bb37b042e593da2e6f6cccfa", size = 13126751, upload-time = "2025-11-28T20:55:03.47Z" },
    { url = "https://files.pythonhosted.org/packages/a8/b5/d0b7d145963136b564806f6584647af45ab98946660d399ec4da79cae036/ruff-0.14.7-py3-none-win_amd64.whl", hash = "sha256:e17a20ad0d3fad47a326d773a042b924d3ac31c6ca6deb6c72e9e6b5f661a7c6", size = 14531726, upload-time = "2025-11-28T20:54:59.121Z" },
    { url = "https://files.pythonhosted.org/packages/1d/d2/1637f4360ada6a368d3265bf39f2cf737a0aaab15ab520fc005903e883f8/ruff-0.14.7-py3-none-win_arm64.whl", hash = "sha256:be4d653d3bea1b19742fcc6502354e32f65cd61ff2fbdb365803ef2c2aec6228", size = 13609215, upload-time = "2025-11-28T20:55:15.375Z" },
]

[[package]]
name = "types-confluent-kafka"
version = "1.4.0"
source = { registry = "https://pypi.org/simple" }
sdist = { url = "https://files.pythonhosted.org/packages/55/04/b7b185ecb77b9f4eb393465323271c73db421e24177a0551c215318701d1/types_confluent_kafka-1.4.0.tar.gz", hash = "sha256:95c1e1325be480950e0f0dc6616ef7a72094b1f4947608343a17b14ce8b972b5", size = 22960, upload-time = "2025-11-02T20:53:12.476Z" }
wheels = [
    { url = "https://files.pythonhosted.org/packages/2e/32/c241c174bab31367a0dab68a450bf9b09ae3057c9bbcb9f740dbc04d988f/types_confluent_kafka-1.4.0-py3-none-any.whl", hash = "sha256:9db22207778bb1a05cb80faf3f364086aa2c7ee9a2cf3b89e1df1f56951105c1", size = 35683, upload-time = "2025-11-02T20:53:11.271Z" },
]

[[package]]
name = "typing-extensions"
version = "4.15.0"
source = { registry = "https://pypi.org/simple" }
sdist = { url = "https://files.pythonhosted.org/packages/72/94/1a15dd82efb362ac84269196e94cf00f187f7ed21c242792a923cdb1c61f/typing_extensions-4.15.0.tar.gz", hash = "sha256:0cea48d173cc12fa28ecabc3b837ea3cf6f38c6d1136f85cbaaf598984861466", size = 109391, upload-time = "2025-08-25T13:49:26.313Z" }
wheels = [
    { url = "https://files.pythonhosted.org/packages/18/67/36e9267722cc04a6b9f15c7f3441c2363321a3ea07da7ae0c0707beb2a9c/typing_extensions-4.15.0-py3-none-any.whl", hash = "sha256:f0fa19c6845758ab08074a0cfa8b7aecb71c999ca73d62883bc25cc018c4e548", size = 44614, upload-time = "2025-08-25T13:49:24.86Z" },
]
